
Microsoft Visual Studio Solution File, Format Version 12.00
# Visual Studio 15
VisualStudioVersion = 15.0.28010.2036
MinimumVisualStudioVersion = 10.0.40219.1
Project("{FAE04EC0-301F-11D3-BF4B-00C04F79EFBC}") = "ExerciseList 4", "ExerciseList 4\ExerciseList 4.csproj", "{794E67AA-A726-4C0C-915B-633D93DBBF57}"
EndProject
Global
	GlobalSection(SolutionConfigurationPlatforms) = preSolution
		Debug|Any CPU = Debug|Any CPU
		Release|Any CPU = Release|Any CPU
	EndGlobalSection
	GlobalSection(ProjectConfigurationPlatforms) = postSolution
		{794E67AA-A726-4C0C-915B-633D93DBBF57}.Debug|Any CPU.ActiveCfg = Debug|Any CPU
		{794E67AA-A726-4C0C-915B-633D93DBBF57}.Debug|Any CPU.Build.0 = Debug|Any CPU
		{794E67AA-A726-4C0C-915B-633D93DBBF57}.Release|Any CPU.ActiveCfg = Release|Any CPU
		{794E67AA-A726-4C0C-915B-633D93DBBF57}.Release|Any CPU.Build.0 = Release|Any CPU
	EndGlobalSection
	GlobalSection(SolutionProperties) = preSolution
		HideSolutionNode = FALSE
	EndGlobalSection
	GlobalSection(ExtensibilityGlobals) = postSolution
		SolutionGuid = {C241977F-5874-4255-85B0-1AD5369D92F0}
	EndGlobalSection
EndGlobal
